
Microsoft Visual Studio Solution File, Format Version 12.00
# Visual Studio 15
VisualStudioVersion = 15.0.36217.24
MinimumVisualStudioVersion = 10.0.40219.1
Project("{8BC9CEB8-8B4A-11D0-8D11-00A0C91BC942}") = "STM32F407", "STM32F407\STM32F407.vcxproj", "{BBD5463C-FFAF-40F9-8F1A-611A0CFC3EDA}"
EndProject
Global
	GlobalSection(SolutionConfigurationPlatforms) = preSolution
		Debug|ARM = Debug|ARM
		Debug|ARM64 = Debug|ARM64
		Debug|x64 = Debug|x64
		Debug|x86 = Debug|x86
		Release|ARM = Release|ARM
		Release|ARM64 = Release|ARM64
		Release|x64 = Release|x64
		Release|x86 = Release|x86
	EndGlobalSection
	GlobalSection(ProjectConfigurationPlatforms) = postSolution
		{BBD5463C-FFAF-40F9-8F1A-611A0CFC3EDA}.Debug|ARM.ActiveCfg = Debug|ARM
		{BBD5463C-FFAF-40F9-8F1A-611A0CFC3EDA}.Debug|ARM.Build.0 = Debug|ARM
		{BBD5463C-FFAF-40F9-8F1A-611A0CFC3EDA}.Debug|ARM64.ActiveCfg = Debug|ARM64
		{BBD5463C-FFAF-40F9-8F1A-611A0CFC3EDA}.Debug|ARM64.Build.0 = Debug|ARM64
		{BBD5463C-FFAF-40F9-8F1A-611A0CFC3EDA}.Debug|x64.ActiveCfg = Debug|x64
		{BBD5463C-FFAF-40F9-8F1A-611A0CFC3EDA}.Debug|x64.Build.0 = Debug|x64
		{BBD5463C-FFAF-40F9-8F1A-611A0CFC3EDA}.Debug|x86.ActiveCfg = Debug|x86
		{BBD5463C-FFAF-40F9-8F1A-611A0CFC3EDA}.Debug|x86.Build.0 = Debug|x86
		{BBD5463C-FFAF-40F9-8F1A-611A0CFC3EDA}.Release|ARM.ActiveCfg = Release|ARM
		{BBD5463C-FFAF-40F9-8F1A-611A0CFC3EDA}.Release|ARM.Build.0 = Release|ARM
		{BBD5463C-FFAF-40F9-8F1A-611A0CFC3EDA}.Release|ARM64.ActiveCfg = Release|ARM64
		{BBD5463C-FFAF-40F9-8F1A-611A0CFC3EDA}.Release|ARM64.Build.0 = Release|ARM64
		{BBD5463C-FFAF-40F9-8F1A-611A0CFC3EDA}.Release|x64.ActiveCfg = Release|x64
		{BBD5463C-FFAF-40F9-8F1A-611A0CFC3EDA}.Release|x64.Build.0 = Release|x64
		{BBD5463C-FFAF-40F9-8F1A-611A0CFC3EDA}.Release|x86.ActiveCfg = Release|x86
		{BBD5463C-FFAF-40F9-8F1A-611A0CFC3EDA}.Release|x86.Build.0 = Release|x86
	EndGlobalSection
	GlobalSection(SolutionProperties) = preSolution
		HideSolutionNode = FALSE
	EndGlobalSection
	GlobalSection(ExtensibilityGlobals) = postSolution
		SolutionGuid = {3C8E5C22-AB6C-4ADE-8F6C-26BCF907B496}
	EndGlobalSection
EndGlobal
